
Microsoft Visual Studio Solution File, Format Version 12.00
# Visual Studio Version 17
VisualStudioVersion = 17.4.33213.308
MinimumVisualStudioVersion = 10.0.40219.1
Project("{9A19103F-16F7-4668-BE54-9A1E7A4F7556}") = "Menu", "Menu\Menu.csproj", "{861AA0FF-9326-4063-82A4-90A566673BAA}"
EndProject
Project("{8BC9CEB8-8B4A-11D0-8D11-00A0C91BC942}") = "Main", "Main\Main.vcxproj", "{36B319E7-3058-4248-AB29-FC3538CB28D0}"
EndProject
Global
	GlobalSection(SolutionConfigurationPlatforms) = preSolution
		Debug|Any CPU = Debug|Any CPU
		Debug|ARM64 = Debug|ARM64
		Debug|x64 = Debug|x64
		Debug|x86 = Debug|x86
		Release|Any CPU = Release|Any CPU
		Release|ARM64 = Release|ARM64
		Release|x64 = Release|x64
		Release|x86 = Release|x86
	EndGlobalSection
	GlobalSection(ProjectConfigurationPlatforms) = postSolution
		{861AA0FF-9326-4063-82A4-90A566673BAA}.Debug|Any CPU.ActiveCfg = Debug|Any CPU
		{861AA0FF-9326-4063-82A4-90A566673BAA}.Debug|Any CPU.Build.0 = Debug|Any CPU
		{861AA0FF-9326-4063-82A4-90A566673BAA}.Debug|ARM64.ActiveCfg = Debug|Any CPU
		{861AA0FF-9326-4063-82A4-90A566673BAA}.Debug|ARM64.Build.0 = Debug|Any CPU
		{861AA0FF-9326-4063-82A4-90A566673BAA}.Debug|x64.ActiveCfg = Debug|x64
		{861AA0FF-9326-4063-82A4-90A566673BAA}.Debug|x64.Build.0 = Debug|x64
		{861AA0FF-9326-4063-82A4-90A566673BAA}.Debug|x86.ActiveCfg = Debug|Any CPU
		{861AA0FF-9326-4063-82A4-90A566673BAA}.Debug|x86.Build.0 = Debug|Any CPU
		{861AA0FF-9326-4063-82A4-90A566673BAA}.Release|Any CPU.ActiveCfg = Release|Any CPU
		{861AA0FF-9326-4063-82A4-90A566673BAA}.Release|Any CPU.Build.0 = Release|Any CPU
		{861AA0FF-9326-4063-82A4-90A566673BAA}.Release|ARM64.ActiveCfg = Release|Any CPU
		{861AA0FF-9326-4063-82A4-90A566673BAA}.Release|ARM64.Build.0 = Release|Any CPU
		{861AA0FF-9326-4063-82A4-90A566673BAA}.Release|x64.ActiveCfg = Release|x64
		{861AA0FF-9326-4063-82A4-90A566673BAA}.Release|x64.Build.0 = Release|x64
		{861AA0FF-9326-4063-82A4-90A566673BAA}.Release|x86.ActiveCfg = Release|Any CPU
		{861AA0FF-9326-4063-82A4-90A566673BAA}.Release|x86.Build.0 = Release|Any CPU
		{36B319E7-3058-4248-AB29-FC3538CB28D0}.Debug|Any CPU.ActiveCfg = Debug|x64
		{36B319E7-3058-4248-AB29-FC3538CB28D0}.Debug|Any CPU.Build.0 = Debug|x64
		{36B319E7-3058-4248-AB29-FC3538CB28D0}.Debug|ARM64.ActiveCfg = Debug|x64
		{36B319E7-3058-4248-AB29-FC3538CB28D0}.Debug|ARM64.Build.0 = Debug|x64
		{36B319E7-3058-4248-AB29-FC3538CB28D0}.Debug|x64.ActiveCfg = Debug|x64
		{36B319E7-3058-4248-AB29-FC3538CB28D0}.Debug|x64.Build.0 = Debug|x64
		{36B319E7-3058-4248-AB29-FC3538CB28D0}.Debug|x86.ActiveCfg = Debug|x64
		{36B319E7-3058-4248-AB29-FC3538CB28D0}.Debug|x86.Build.0 = Debug|x64
		{36B319E7-3058-4248-AB29-FC3538CB28D0}.Release|Any CPU.ActiveCfg = Release|x64
		{36B319E7-3058-4248-AB29-FC3538CB28D0}.Release|Any CPU.Build.0 = Release|x64
		{36B319E7-3058-4248-AB29-FC3538CB28D0}.Release|ARM64.ActiveCfg = Release|x64
		{36B319E7-3058-4248-AB29-FC3538CB28D0}.Release|ARM64.Build.0 = Release|x64
		{36B319E7-3058-4248-AB29-FC3538CB28D0}.Release|x64.ActiveCfg = Release|x64
		{36B319E7-3058-4248-AB29-FC3538CB28D0}.Release|x64.Build.0 = Release|x64
		{36B319E7-3058-4248-AB29-FC3538CB28D0}.Release|x86.ActiveCfg = Release|x64
		{36B319E7-3058-4248-AB29-FC3538CB28D0}.Release|x86.Build.0 = Release|x64
	EndGlobalSection
	GlobalSection(SolutionProperties) = preSolution
		HideSolutionNode = FALSE
	EndGlobalSection
	GlobalSection(ExtensibilityGlobals) = postSolution
		SolutionGuid = {CB4A1595-FDB7-4E8D-B900-7AA7ECDA84C8}
	EndGlobalSection
EndGlobal
